
Microsoft Visual Studio Solution File, Format Version 12.00
# Visual Studio Version 17
VisualStudioVersion = 17.8.34525.116
MinimumVisualStudioVersion = 10.0.40219.1
Project("{FAE04EC0-301F-11D3-BF4B-00C04F79EFBC}") = "Inheritance", "Inheritance\Inheritance.csproj", "{40CA3363-D370-4B99-98B8-D65C606E1248}"
EndProject
Global
	GlobalSection(SolutionConfigurationPlatforms) = preSolution
		Debug|Any CPU = Debug|Any CPU
		Release|Any CPU = Release|Any CPU
	EndGlobalSection
	GlobalSection(ProjectConfigurationPlatforms) = postSolution
		{40CA3363-D370-4B99-98B8-D65C606E1248}.Debug|Any CPU.ActiveCfg = Debug|Any CPU
		{40CA3363-D370-4B99-98B8-D65C606E1248}.Debug|Any CPU.Build.0 = Debug|Any CPU
		{40CA3363-D370-4B99-98B8-D65C606E1248}.Release|Any CPU.ActiveCfg = Release|Any CPU
		{40CA3363-D370-4B99-98B8-D65C606E1248}.Release|Any CPU.Build.0 = Release|Any CPU
	EndGlobalSection
	GlobalSection(SolutionProperties) = preSolution
		HideSolutionNode = FALSE
	EndGlobalSection
	GlobalSection(ExtensibilityGlobals) = postSolution
		SolutionGuid = {5ACDC6E6-9AD6-4FEE-B5E6-CE9A8C856484}
	EndGlobalSection
EndGlobal
